Microsoft Visual Studio Solution File, Format Version 12.00
# Visual Studio Version 17
VisualStudioVersion = 17.5.2.0
MinimumVisualStudioVersion = 10.0.40219.1
Project("{FAE04EC0-301F-11D3-BF4B-00C04F79EFBC}") = "prossmirror-demo", "prossmirror-demo.csproj", "{B2A779B4-EAF3-3A9A-D83E-1163EC5855CD}"
EndProject
Global
	GlobalSection(SolutionConfigurationPlatforms) = preSolution
		Debug|Any CPU = Debug|Any CPU
		Release|Any CPU = Release|Any CPU
	EndGlobalSection
	GlobalSection(ProjectConfigurationPlatforms) = postSolution
		{B2A779B4-EAF3-3A9A-D83E-1163EC5855CD}.Debug|Any CPU.ActiveCfg = Debug|Any CPU
		{B2A779B4-EAF3-3A9A-D83E-1163EC5855CD}.Debug|Any CPU.Build.0 = Debug|Any CPU
		{B2A779B4-EAF3-3A9A-D83E-1163EC5855CD}.Release|Any CPU.ActiveCfg = Release|Any CPU
		{B2A779B4-EAF3-3A9A-D83E-1163EC5855CD}.Release|Any CPU.Build.0 = Release|Any CPU
	EndGlobalSection
	GlobalSection(SolutionProperties) = preSolution
		HideSolutionNode = FALSE
	EndGlobalSection
	GlobalSection(ExtensibilityGlobals) = postSolution
		SolutionGuid = {74537527-64D4-4FA8-9CA7-721E4D66DC77}
	EndGlobalSection
EndGlobal
